
Microsoft Visual Studio Solution File, Format Version 12.00
# Visual Studio 15
VisualStudioVersion = 15.0.27004.2010
MinimumVisualStudioVersion = 10.0.40219.1
Project("{FAE04EC0-301F-11D3-BF4B-00C04F79EFBC}") = "OrderManagementSystemTekSystems", "OrderManagementSystemTekSystems\OrderManagementSystemTekSystems.csproj", "{36F3600C-273B-41B6-B92C-11EA68B7E099}"
EndProject
Global
	GlobalSection(SolutionConfigurationPlatforms) = preSolution
		Debug|Any CPU = Debug|Any CPU
		Release|Any CPU = Release|Any CPU
	EndGlobalSection
	GlobalSection(ProjectConfigurationPlatforms) = postSolution
		{36F3600C-273B-41B6-B92C-11EA68B7E099}.Debug|Any CPU.ActiveCfg = Debug|Any CPU
		{36F3600C-273B-41B6-B92C-11EA68B7E099}.Debug|Any CPU.Build.0 = Debug|Any CPU
		{36F3600C-273B-41B6-B92C-11EA68B7E099}.Release|Any CPU.ActiveCfg = Release|Any CPU
		{36F3600C-273B-41B6-B92C-11EA68B7E099}.Release|Any CPU.Build.0 = Release|Any CPU
	EndGlobalSection
	GlobalSection(SolutionProperties) = preSolution
		HideSolutionNode = FALSE
	EndGlobalSection
	GlobalSection(ExtensibilityGlobals) = postSolution
		SolutionGuid = {47FF9A38-572A-41FE-B9D9-70DCB7F87EB5}
	EndGlobalSection
EndGlobal
